[[package]]
name = "pybase62"
version = "0.5.0"
description = "Python module for base62 encoding"
category = "main"
optional = false
python-versions = "*"

[[package]]
name = "uuid0"
version = "0.2.7"
description = "A library to make better timestamped UUIDs for databases and web apps"
category = "main"
optional = false
python-versions = "*"

[package.dependencies]
pybase62 = "*"

[metadata]
lock-version = "1.1"
python-versions = "^3.8"
content-hash = "5d9b37088e03a89cb65a3f90d78ae5828d4a16068728151491ab801d31b5596c"

[metadata.files]
pybase62 = [
    {file = "pybase62-0.5.0-py3-none-any.whl", hash = "sha256:f6eb0b570d05be56774d624401e299f338b832cd0e2d4b22944f42ff91f13fd2"},
    {file = "pybase62-0.5.0.tar.gz", hash = "sha256:678dc33464e05012da28936914aa7925b61b940d5802dcb0d33d4038e0a37d10"},
]
uuid0 = [
    {file = "uuid0-0.2.7-py2.py3-none-any.whl", hash = "sha256:b200bd88098010cef5f4445ac0f1c6fe60e021f0478fb3968e943adc1e89b902"},
    {file = "uuid0-0.2.7.tar.gz", hash = "sha256:835da1b868078eadfd63de24d17b9ea3bd1c655497f99e1b8b84f6e4117e6c2b"},
]
